
Microsoft Visual Studio Solution File, Format Version 12.00
# Visual Studio Version 16
VisualStudioVersion = 16.0.31005.135
MinimumVisualStudioVersion = 10.0.40219.1
Project("{9A19103F-16F7-4668-BE54-9A1E7A4F7556}") = "PreBuildWizard", "src\PreBuildWizard\PreBuildWizard.csproj", "{A423B3C6-1FD7-43CA-9ED5-193E9C6F2B71}"
EndProject
Project("{2150E333-8FDC-42A3-9474-1A3956D46DE8}") = "build.vs", "build.vs", "{7118AA1D-8AE4-48E5-AC2D-D954315C7E1D}"
	ProjectSection(SolutionItems) = preProject
		build.vs\AssemblyInfoVersion.cs = build.vs\AssemblyInfoVersion.cs
		build.vs\AssemblyInfoVersion.mcpp = build.vs\AssemblyInfoVersion.mcpp
		build.vs\Build.psm1 = build.vs\Build.psm1
		build.vs\Clean.psm1 = build.vs\Clean.psm1
		build.vs\Configuration.psm1 = build.vs\Configuration.psm1
		build.vs\CopyFilesFromListToFolder.psm1 = build.vs\CopyFilesFromListToFolder.psm1
		build.vs\CopyToReleaseFolder.psm1 = build.vs\CopyToReleaseFolder.psm1
		build.vs\Directory.Build.Cpp.props = build.vs\Directory.Build.Cpp.props
		build.vs\Directory.Build.Cpp.targets = build.vs\Directory.Build.Cpp.targets
		build.vs\Directory.Build.Cs.props = build.vs\Directory.Build.Cs.props
		build.vs\Directory.Build.Cs.targets = build.vs\Directory.Build.Cs.targets
		build.vs\Directory.Build.props = build.vs\Directory.Build.props
		build.vs\Directory.Build.targets = build.vs\Directory.Build.targets
		build.vs\GitVersion.psm1 = build.vs\GitVersion.psm1
		build.vs\GitVersion.yml = build.vs\GitVersion.yml
		build.vs\Helper.psm1 = build.vs\Helper.psm1
		build.vs\LICENSE = build.vs\LICENSE
		build.vs\LicenseCollector.psm1 = build.vs\LicenseCollector.psm1
		build.vs\NuGet.msbuild = build.vs\NuGet.msbuild
		build.vs\PackNuGet.psm1 = build.vs\PackNuGet.psm1
		build.vs\PreBuildWizard.psm1 = build.vs\PreBuildWizard.psm1
		build.vs\PublishNuGet.psm1 = build.vs\PublishNuGet.psm1
		build.vs\README.md = build.vs\README.md
		build.vs\ReSharper.DotSettings = build.vs\ReSharper.DotSettings
		build.vs\RestoreNuGet.psm1 = build.vs\RestoreNuGet.psm1
		build.vs\UpdateOutputFileList.psm1 = build.vs\UpdateOutputFileList.psm1
	EndProjectSection
EndProject
Project("{2150E333-8FDC-42A3-9474-1A3956D46DE8}") = "Repository Files", "Repository Files", "{AA944ACD-A8F2-48BA-97BB-ABEEF466A793}"
	ProjectSection(SolutionItems) = preProject
		.gitignore = .gitignore
		azure-pipelines.yml = azure-pipelines.yml
		Build.ps1 = Build.ps1
		src\CommonAssemblyInfo.cs = src\CommonAssemblyInfo.cs
		src\CommonAssemblyInfo.mcpp = src\CommonAssemblyInfo.mcpp
		src\Directory.Build.props = src\Directory.Build.props
		src\Directory.Build.targets = src\Directory.Build.targets
		README.md = README.md
		THIRD_PARTY_NOTICES = THIRD_PARTY_NOTICES
		THIRD_PARTY_NOTICES.template = THIRD_PARTY_NOTICES.template
	EndProjectSection
EndProject
Project("{2150E333-8FDC-42A3-9474-1A3956D46DE8}") = "azure-pipelines", "azure-pipelines", "{DA5C40BA-0B19-4842-87BB-C3AE32F1A5EE}"
	ProjectSection(SolutionItems) = preProject
		build.vs\azure-pipelines\ci-csharp-netstandard20-with-deployment-on-tag.yml = build.vs\azure-pipelines\ci-csharp-netstandard20-with-deployment-on-tag.yml
	EndProjectSection
EndProject
Global
	GlobalSection(SolutionConfigurationPlatforms) = preSolution
		Debug|Any CPU = Debug|Any CPU
		Debug|x64 = Debug|x64
		Debug|x86 = Debug|x86
		Release|Any CPU = Release|Any CPU
		Release|x64 = Release|x64
		Release|x86 = Release|x86
	EndGlobalSection
	GlobalSection(ProjectConfigurationPlatforms) = postSolution
		{A423B3C6-1FD7-43CA-9ED5-193E9C6F2B71}.Debug|Any CPU.ActiveCfg = Debug|Any CPU
		{A423B3C6-1FD7-43CA-9ED5-193E9C6F2B71}.Debug|Any CPU.Build.0 = Debug|Any CPU
		{A423B3C6-1FD7-43CA-9ED5-193E9C6F2B71}.Debug|x64.ActiveCfg = Debug|Any CPU
		{A423B3C6-1FD7-43CA-9ED5-193E9C6F2B71}.Debug|x86.ActiveCfg = Debug|Any CPU
		{A423B3C6-1FD7-43CA-9ED5-193E9C6F2B71}.Release|Any CPU.ActiveCfg = Release|Any CPU
		{A423B3C6-1FD7-43CA-9ED5-193E9C6F2B71}.Release|Any CPU.Build.0 = Release|Any CPU
		{A423B3C6-1FD7-43CA-9ED5-193E9C6F2B71}.Release|x64.ActiveCfg = Release|Any CPU
		{A423B3C6-1FD7-43CA-9ED5-193E9C6F2B71}.Release|x86.ActiveCfg = Release|Any CPU
	EndGlobalSection
	GlobalSection(SolutionProperties) = preSolution
		HideSolutionNode = FALSE
	EndGlobalSection
	GlobalSection(NestedProjects) = preSolution
		{DA5C40BA-0B19-4842-87BB-C3AE32F1A5EE} = {7118AA1D-8AE4-48E5-AC2D-D954315C7E1D}
	EndGlobalSection
	GlobalSection(ExtensibilityGlobals) = postSolution
		SolutionGuid = {EB1302F4-3A30-40E9-AA3C-3D8FD744DC83}
	EndGlobalSection
EndGlobal
